
Microsoft Visual Studio Solution File, Format Version 12.00
# Visual Studio Version 17
VisualStudioVersion = 17.5.33424.131
MinimumVisualStudioVersion = 10.0.40219.1
Project("{9A19103F-16F7-4668-BE54-9A1E7A4F7556}") = "MaquetaParaFinal", "MaquetaParaFinal\MaquetaParaFinal.csproj", "{127A6B73-C17C-4A06-A5FB-D26CF6D381C4}"
EndProject
Project("{54435603-DBB4-11D2-8724-00A0C9A8B90C}") = "InstaladorWindows", "InstaladorWindows\InstaladorWindows.vdproj", "{FD4800CD-4CBF-4512-A56B-61F9CF6D9312}"
EndProject
Global
	GlobalSection(SolutionConfigurationPlatforms) = preSolution
		Debug|Any CPU = Debug|Any CPU
		Release|Any CPU = Release|Any CPU
	EndGlobalSection
	GlobalSection(ProjectConfigurationPlatforms) = postSolution
		{127A6B73-C17C-4A06-A5FB-D26CF6D381C4}.Debug|Any CPU.ActiveCfg = Debug|Any CPU
		{127A6B73-C17C-4A06-A5FB-D26CF6D381C4}.Debug|Any CPU.Build.0 = Debug|Any CPU
		{127A6B73-C17C-4A06-A5FB-D26CF6D381C4}.Release|Any CPU.ActiveCfg = Release|Any CPU
		{127A6B73-C17C-4A06-A5FB-D26CF6D381C4}.Release|Any CPU.Build.0 = Release|Any CPU
		{FD4800CD-4CBF-4512-A56B-61F9CF6D9312}.Debug|Any CPU.ActiveCfg = Debug
		{FD4800CD-4CBF-4512-A56B-61F9CF6D9312}.Release|Any CPU.ActiveCfg = Release
	EndGlobalSection
	GlobalSection(SolutionProperties) = preSolution
		HideSolutionNode = FALSE
	EndGlobalSection
	GlobalSection(ExtensibilityGlobals) = postSolution
		SolutionGuid = {6B518D7E-3046-46D6-9953-2B5BEBBA780E}
	EndGlobalSection
EndGlobal
